
Microsoft Visual Studio Solution File, Format Version 12.00
# Visual Studio Version 17
VisualStudioVersion = 17.14.36511.14
MinimumVisualStudioVersion = 10.0.40219.1
Project("{FAE04EC0-301F-11D3-BF4B-00C04F79EFBC}") = "UniversityAPI", "UniversityAPI\UniversityAPI.csproj", "{5830EF86-13A1-4FAB-83EC-94517C1F80B5}"
EndProject
Project("{FAE04EC0-301F-11D3-BF4B-00C04F79EFBC}") = "UniversityAPI.Tests", "UniversityAPI.Tests\UniversityAPI.Tests.csproj", "{273AFB2C-849E-476B-8BA6-3AEC67427B0B}"
EndProject
Global
	GlobalSection(SolutionConfigurationPlatforms) = preSolution
		Debug|Any CPU = Debug|Any CPU
		Release|Any CPU = Release|Any CPU
	EndGlobalSection
	GlobalSection(ProjectConfigurationPlatforms) = postSolution
		{5830EF86-13A1-4FAB-83EC-94517C1F80B5}.Debug|Any CPU.ActiveCfg = Debug|Any CPU
		{5830EF86-13A1-4FAB-83EC-94517C1F80B5}.Debug|Any CPU.Build.0 = Debug|Any CPU
		{5830EF86-13A1-4FAB-83EC-94517C1F80B5}.Release|Any CPU.ActiveCfg = Release|Any CPU
		{5830EF86-13A1-4FAB-83EC-94517C1F80B5}.Release|Any CPU.Build.0 = Release|Any CPU
		{273AFB2C-849E-476B-8BA6-3AEC67427B0B}.Debug|Any CPU.ActiveCfg = Debug|Any CPU
		{273AFB2C-849E-476B-8BA6-3AEC67427B0B}.Debug|Any CPU.Build.0 = Debug|Any CPU
		{273AFB2C-849E-476B-8BA6-3AEC67427B0B}.Release|Any CPU.ActiveCfg = Release|Any CPU
		{273AFB2C-849E-476B-8BA6-3AEC67427B0B}.Release|Any CPU.Build.0 = Release|Any CPU
	EndGlobalSection
	GlobalSection(SolutionProperties) = preSolution
		HideSolutionNode = FALSE
	EndGlobalSection
	GlobalSection(ExtensibilityGlobals) = postSolution
		SolutionGuid = {84CD1DDF-C591-4D0F-9CDF-E64E379A8AAB}
	EndGlobalSection
EndGlobal
